
Microsoft Visual Studio Solution File, Format Version 12.00
# Visual Studio Version 17
VisualStudioVersion = 17.1.32228.430
MinimumVisualStudioVersion = 10.0.40219.1
Project("{FAE04EC0-301F-11D3-BF4B-00C04F79EFBC}") = "AKAR_PAGE_UI", "AKAR_PAGE_UI\AKAR_PAGE_UI.csproj", "{16DCBA6B-4FE1-4141-BCEF-757F15A3E37F}"
EndProject
Project("{FAE04EC0-301F-11D3-BF4B-00C04F79EFBC}") = "AKAR_BusinessLayer", "AKAR_BusinessLayer\AKAR_BusinessLayer.csproj", "{2803E844-B5F9-42C4-B465-17FFD152E055}"
EndProject
Project("{FAE04EC0-301F-11D3-BF4B-00C04F79EFBC}") = "AKAR_DataAccessLayer", "AKAR_DataAccessLayer\AKAR_DataAccessLayer.csproj", "{E4AE554E-A4FD-4B19-8DEE-770D243226FB}"
EndProject
Project("{FAE04EC0-301F-11D3-BF4B-00C04F79EFBC}") = "AKAR_EntityLayer", "AKAR_EntityLayer\AKAR_EntityLayer.csproj", "{F20DC9DF-9419-4569-83F2-0DEAC845A2BD}"
EndProject
Global
	GlobalSection(SolutionConfigurationPlatforms) = preSolution
		Debug|Any CPU = Debug|Any CPU
		Release|Any CPU = Release|Any CPU
	EndGlobalSection
	GlobalSection(ProjectConfigurationPlatforms) = postSolution
		{16DCBA6B-4FE1-4141-BCEF-757F15A3E37F}.Debug|Any CPU.ActiveCfg = Debug|Any CPU
		{16DCBA6B-4FE1-4141-BCEF-757F15A3E37F}.Debug|Any CPU.Build.0 = Debug|Any CPU
		{16DCBA6B-4FE1-4141-BCEF-757F15A3E37F}.Release|Any CPU.ActiveCfg = Release|Any CPU
		{16DCBA6B-4FE1-4141-BCEF-757F15A3E37F}.Release|Any CPU.Build.0 = Release|Any CPU
		{2803E844-B5F9-42C4-B465-17FFD152E055}.Debug|Any CPU.ActiveCfg = Debug|Any CPU
		{2803E844-B5F9-42C4-B465-17FFD152E055}.Debug|Any CPU.Build.0 = Debug|Any CPU
		{2803E844-B5F9-42C4-B465-17FFD152E055}.Release|Any CPU.ActiveCfg = Release|Any CPU
		{2803E844-B5F9-42C4-B465-17FFD152E055}.Release|Any CPU.Build.0 = Release|Any CPU
		{E4AE554E-A4FD-4B19-8DEE-770D243226FB}.Debug|Any CPU.ActiveCfg = Debug|Any CPU
		{E4AE554E-A4FD-4B19-8DEE-770D243226FB}.Debug|Any CPU.Build.0 = Debug|Any CPU
		{E4AE554E-A4FD-4B19-8DEE-770D243226FB}.Release|Any CPU.ActiveCfg = Release|Any CPU
		{E4AE554E-A4FD-4B19-8DEE-770D243226FB}.Release|Any CPU.Build.0 = Release|Any CPU
		{F20DC9DF-9419-4569-83F2-0DEAC845A2BD}.Debug|Any CPU.ActiveCfg = Debug|Any CPU
		{F20DC9DF-9419-4569-83F2-0DEAC845A2BD}.Debug|Any CPU.Build.0 = Debug|Any CPU
		{F20DC9DF-9419-4569-83F2-0DEAC845A2BD}.Release|Any CPU.ActiveCfg = Release|Any CPU
		{F20DC9DF-9419-4569-83F2-0DEAC845A2BD}.Release|Any CPU.Build.0 = Release|Any CPU
	EndGlobalSection
	GlobalSection(SolutionProperties) = preSolution
		HideSolutionNode = FALSE
	EndGlobalSection
	GlobalSection(ExtensibilityGlobals) = postSolution
		SolutionGuid = {2795C4B6-F85B-4751-B511-A8697D5992E1}
	EndGlobalSection
EndGlobal
